
Microsoft Visual Studio Solution File, Format Version 12.00
# Visual Studio Version 17
VisualStudioVersion = 17.14.37614.0 d17.14
MinimumVisualStudioVersion = 10.0.40219.1
Project("{FAE04EC0-301F-11D3-BF4B-00C04F79EFBC}") = "Parrying", "Parrying.csproj", "{8E2D1D80-AEB5-4B30-8467-1CA3488C9DC4}"
EndProject
Global
	GlobalSection(SolutionConfigurationPlatforms) = preSolution
		Debug|Any CPU = Debug|Any CPU
		Release|Any CPU = Release|Any CPU
	EndGlobalSection
	GlobalSection(ProjectConfigurationPlatforms) = postSolution
		{8E2D1D80-AEB5-4B30-8467-1CA3488C9DC4}.Debug|Any CPU.ActiveCfg = Debug|Any CPU
		{8E2D1D80-AEB5-4B30-8467-1CA3488C9DC4}.Debug|Any CPU.Build.0 = Debug|Any CPU
		{8E2D1D80-AEB5-4B30-8467-1CA3488C9DC4}.Release|Any CPU.ActiveCfg = Release|Any CPU
		{8E2D1D80-AEB5-4B30-8467-1CA3488C9DC4}.Release|Any CPU.Build.0 = Release|Any CPU
	EndGlobalSection
	GlobalSection(SolutionProperties) = preSolution
		HideSolutionNode = FALSE
	EndGlobalSection
	GlobalSection(ExtensibilityGlobals) = postSolution
		SolutionGuid = {82A47CC1-F3A5-474B-AF99-AB84E8FFD651}
	EndGlobalSection
EndGlobal
